{
    "_readme": [
        "This file locks the dependencies of your project to a known state",
        "Read more about it at https://getcomposer.org/doc/01-basic-usage.md#installing-dependencies",
        "This file is @generated automatically"
    ],
    "content-hash": "02d920e1ae42015ed258bd4a53020bf1",
    "packages": [
        {
            "name": "coffeecode/router",
            "version": "1.0.8",
            "source": {
                "type": "git",
                "url": "https://github.com/robsonvleite/router.git",
                "reference": "29f73e12351a116e9bbb3f695595777a09e18077"
            },
            "dist": {
                "type": "zip",
                "url": "https://api.github.com/repos/robsonvleite/router/zipball/29f73e12351a116e9bbb3f695595777a09e18077",
                "reference": "29f73e12351a116e9bbb3f695595777a09e18077",
                "shasum": ""
            },
            "require": {
                "php": ">=7.2"
            },
            "type": "library",
            "autoload": {
                "psr-4": {
                    "CoffeeCode\\Router\\": "src"
                }
            },
            "notification-url": "https://packagist.org/downloads/",
            "license": [
                "MIT"
            ],
            "authors": [
                {
                    "name": "Robson V. Leite",
                    "email": "cursos@upinside.com.br",
                    "role": "Developer"
                }
            ],
            "description": "A classic CoffeeCode Router is easy, fast and extremely uncomplicated. Create and manage your routes in minutes!",
            "homepage": "http://www.upinside.com.br",
            "keywords": [
                "Coffeecode",
                "route",
                "router",
                "routes",
                "upinside"
            ],
            "support": {
                "issues": "https://github.com/robsonvleite/router/issues",
                "source": "https://github.com/robsonvleite/router/tree/1.0.8"
            },
            "time": "2021-03-21T18:45:16+00:00"
        },
        {
            "name": "labex/basicpdo",
            "version": "1.0.4",
            "source": {
                "type": "git",
                "url": "git@github.com:gnleo/basic_pdo.git",
                "reference": "9649852aadc87e81bc121bc727261874822a855d"
            },
            "dist": {
                "type": "zip",
                "url": "https://api.github.com/repos/gnleo/basic_pdo/zipball/9649852aadc87e81bc121bc727261874822a855d",
                "reference": "9649852aadc87e81bc121bc727261874822a855d",
                "shasum": ""
            },
            "require": {
                "php": "^7.3"
            },
            "type": "plugin",
            "autoload": {
                "psr-4": {
                    "Labex\\BasicPdo\\": "src"
                }
            },
            "license": [
                "MIT"
            ],
            "authors": [
                {
                    "name": "Leonardo Nunes Goncalves",
                    "email": "jamill_gnleo@yahoo.com",
                    "role": "Developer"
                }
            ],
            "description": "Teste de conexão diretório privado -> composer",
            "support": {
                "source": "https://github.com/gnleo/basic_pdo/tree/1.0.4",
                "issues": "https://github.com/gnleo/basic_pdo/issues"
            },
            "time": "2021-02-06T00:11:48+00:00"
        },
        {
            "name": "league/plates",
            "version": "v4.0.0-alpha",
            "source": {
                "type": "git",
                "url": "https://github.com/thephpleague/plates.git",
                "reference": "f53f4c1fa4bf307d0f3858a348172ff4faf7669a"
            },
            "dist": {
                "type": "zip",
                "url": "https://api.github.com/repos/thephpleague/plates/zipball/f53f4c1fa4bf307d0f3858a348172ff4faf7669a",
                "reference": "f53f4c1fa4bf307d0f3858a348172ff4faf7669a",
                "shasum": ""
            },
            "require": {
                "php": "^7.0"
            },
            "require-dev": {
                "eloquent/phony-peridot": "^2.0",
                "peridot-php/leo": "^1.6",
                "peridot-php/peridot": "^1.19",
                "peridot-php/peridot-code-coverage-reporters": "^3.0",
                "squizlabs/php_codesniffer": "~1.5"
            },
            "type": "library",
            "extra": {
                "branch-alias": {
                    "dev-master": "4.0-dev"
                }
            },
            "autoload": {
                "psr-4": {
                    "League\\Plates\\": "src"
                },
                "files": [
                    "src/Template/match.php",
                    "src/Extension/Data/data.php",
                    "src/Extension/Path/path.php",
                    "src/Extension/RenderContext/func.php",
                    "src/Extension/RenderContext/render-context.php",
                    "src/Extension/LayoutSections/layout-sections.php",
                    "src/Extension/Folders/folders.php",
                    "src/Util/util.php"
                ]
            },
            "notification-url": "https://packagist.org/downloads/",
            "license": [
                "MIT"
            ],
            "authors": [
                {
                    "name": "Jonathan Reinink",
                    "email": "jonathan@reinink.ca",
                    "role": "Developer"
                },
                {
                    "name": "RJ Garcia",
                    "email": "rj@bighead.net",
                    "role": "Developer"
                }
            ],
            "description": "Plates, the native PHP template system that's fast, easy to use and easy to extend.",
            "homepage": "http://platesphp.com",
            "keywords": [
                "league",
                "package",
                "templates",
                "templating",
                "views"
            ],
            "support": {
                "issues": "https://github.com/thephpleague/plates/issues",
                "source": "https://github.com/thephpleague/plates/tree/master"
            },
            "time": "2018-01-31T07:20:23+00:00"
        },
        {
            "name": "phpmailer/phpmailer",
            "version": "v6.5.1",
            "source": {
                "type": "git",
                "url": "https://github.com/PHPMailer/PHPMailer.git",
                "reference": "dd803df5ad7492e1b40637f7ebd258fee5ca7355"
            },
            "dist": {
                "type": "zip",
                "url": "https://api.github.com/repos/PHPMailer/PHPMailer/zipball/dd803df5ad7492e1b40637f7ebd258fee5ca7355",
                "reference": "dd803df5ad7492e1b40637f7ebd258fee5ca7355",
                "shasum": ""
            },
            "require": {
                "ext-ctype": "*",
                "ext-filter": "*",
                "ext-hash": "*",
                "php": ">=5.5.0"
            },
            "require-dev": {
                "dealerdirect/phpcodesniffer-composer-installer": "^0.7.0",
                "doctrine/annotations": "^1.2",
                "php-parallel-lint/php-console-highlighter": "^0.5.0",
                "php-parallel-lint/php-parallel-lint": "^1.3",
                "phpcompatibility/php-compatibility": "^9.3.5",
                "roave/security-advisories": "dev-latest",
                "squizlabs/php_codesniffer": "^3.6.0",
                "yoast/phpunit-polyfills": "^1.0.0"
            },
            "suggest": {
                "ext-mbstring": "Needed to send email in multibyte encoding charset or decode encoded addresses",
                "hayageek/oauth2-yahoo": "Needed for Yahoo XOAUTH2 authentication",
                "league/oauth2-google": "Needed for Google XOAUTH2 authentication",
                "psr/log": "For optional PSR-3 debug logging",
                "stevenmaguire/oauth2-microsoft": "Needed for Microsoft XOAUTH2 authentication",
                "symfony/polyfill-mbstring": "To support UTF-8 if the Mbstring PHP extension is not enabled (^1.2)"
            },
            "type": "library",
            "autoload": {
                "psr-4": {
                    "PHPMailer\\PHPMailer\\": "src/"
                }
            },
            "notification-url": "https://packagist.org/downloads/",
            "license": [
                "LGPL-2.1-only"
            ],
            "authors": [
                {
                    "name": "Marcus Bointon",
                    "email": "phpmailer@synchromedia.co.uk"
                },
                {
                    "name": "Jim Jagielski",
                    "email": "jimjag@gmail.com"
                },
                {
                    "name": "Andy Prevost",
                    "email": "codeworxtech@users.sourceforge.net"
                },
                {
                    "name": "Brent R. Matzelle"
                }
            ],
            "description": "PHPMailer is a full-featured email creation and transfer class for PHP",
            "support": {
                "issues": "https://github.com/PHPMailer/PHPMailer/issues",
                "source": "https://github.com/PHPMailer/PHPMailer/tree/v6.5.1"
            },
            "funding": [
                {
                    "url": "https://github.com/Synchro",
                    "type": "github"
                }
            ],
            "time": "2021-08-18T09:14:16+00:00"
        },
        {
            "name": "tinymce/tinymce",
            "version": "5.9.1",
            "source": {
                "type": "git",
                "url": "https://github.com/tinymce/tinymce-dist.git",
                "reference": "2692079b210682c63f12418ff613555efec218fd"
            },
            "dist": {
                "type": "zip",
                "url": "https://api.github.com/repos/tinymce/tinymce-dist/zipball/2692079b210682c63f12418ff613555efec218fd",
                "reference": "2692079b210682c63f12418ff613555efec218fd",
                "shasum": ""
            },
            "type": "component",
            "extra": {
                "component": {
                    "scripts": [
                        "tinymce.js",
                        "plugins/*/plugin.js",
                        "themes/*/theme.js",
                        "themes/*/icons.js"
                    ],
                    "files": [
                        "tinymce.min.js",
                        "plugins/*/plugin.min.js",
                        "themes/*/theme.min.js",
                        "skins/**",
                        "icons/*/icons.min.js"
                    ]
                }
            },
            "notification-url": "https://packagist.org/downloads/",
            "license": [
                "LGPL-2.1-only"
            ],
            "description": "Web based JavaScript HTML WYSIWYG editor control.",
            "homepage": "https://www.tiny.cloud/",
            "keywords": [
                "contenteditable",
                "editing",
                "html",
                "javascript",
                "rich editor",
                "rich text",
                "rich text editor",
                "richtext",
                "rte",
                "text",
                "tinymce",
                "wysiwyg"
            ],
            "support": {
                "source": "https://github.com/tinymce/tinymce-dist/tree/5.9.1"
            },
            "time": "2021-08-27T04:39:18+00:00"
        }
    ],
    "packages-dev": [],
    "aliases": [],
    "minimum-stability": "stable",
    "stability-flags": {
        "league/plates": 15
    },
    "prefer-stable": false,
    "prefer-lowest": false,
    "platform": {
        "php": "^7.3",
        "ext-pdo": "*"
    },
    "platform-dev": [],
    "plugin-api-version": "2.1.0"
}
